PODS:
  - SQLite.swift (0.13.0):
    - SQLite.swift/standard (= 0.13.0)
  - SQLite.swift/standard (0.13.0)

DEPENDENCIES:
  - SQLite.swift (~> 0.13.0)

SPEC REPOS:
  trunk:
    - SQLite.swift

SPEC CHECKSUMS:
  SQLite.swift: 8add701609fd0ef78d097dcc75d20a9782e6f5fc

PODFILE CHECKSUM: 4b5528445ec5f938ea719e1bb658972d10f93438

COCOAPODS: 1.10.2
